
Microsoft Visual Studio Solution File, Format Version 12.00
# Visual Studio Version 16
VisualStudioVersion = 16.0.29613.14
MinimumVisualStudioVersion = 10.0.40219.1
Project("{FAE04EC0-301F-11D3-BF4B-00C04F79EFBC}") = "SimpleMethod", "Participations\SimpleMethod.csproj", "{844DA161-566C-47EE-A8F8-4E2A6CCEC6F8}"
EndProject
Project("{FAE04EC0-301F-11D3-BF4B-00C04F79EFBC}") = "ClassesTextBoxParticipation", "ClassesTextBoxParticipation\ClassesTextBoxParticipation.csproj", "{B3FEB356-81A1-4E22-B686-28EED3FEBE32}"
EndProject
Global
	GlobalSection(SolutionConfigurationPlatforms) = preSolution
		Debug|Any CPU = Debug|Any CPU
		Release|Any CPU = Release|Any CPU
	EndGlobalSection
	GlobalSection(ProjectConfigurationPlatforms) = postSolution
		{844DA161-566C-47EE-A8F8-4E2A6CCEC6F8}.Debug|Any CPU.ActiveCfg = Debug|Any CPU
		{844DA161-566C-47EE-A8F8-4E2A6CCEC6F8}.Debug|Any CPU.Build.0 = Debug|Any CPU
		{844DA161-566C-47EE-A8F8-4E2A6CCEC6F8}.Release|Any CPU.ActiveCfg = Release|Any CPU
		{844DA161-566C-47EE-A8F8-4E2A6CCEC6F8}.Release|Any CPU.Build.0 = Release|Any CPU
		{B3FEB356-81A1-4E22-B686-28EED3FEBE32}.Debug|Any CPU.ActiveCfg = Debug|Any CPU
		{B3FEB356-81A1-4E22-B686-28EED3FEBE32}.Debug|Any CPU.Build.0 = Debug|Any CPU
		{B3FEB356-81A1-4E22-B686-28EED3FEBE32}.Release|Any CPU.ActiveCfg = Release|Any CPU
		{B3FEB356-81A1-4E22-B686-28EED3FEBE32}.Release|Any CPU.Build.0 = Release|Any CPU
	EndGlobalSection
	GlobalSection(SolutionProperties) = preSolution
		HideSolutionNode = FALSE
	EndGlobalSection
	GlobalSection(ExtensibilityGlobals) = postSolution
		SolutionGuid = {6ADB1BA2-FFAA-457C-8928-7EE821749A83}
	EndGlobalSection
EndGlobal
